
Microsoft Visual Studio Solution File, Format Version 12.00
# Visual Studio Version 17
VisualStudioVersion = 17.5.002.0
MinimumVisualStudioVersion = 10.0.40219.1
Project("{2150E333-8FDC-42A3-9474-1A3956D46DE8}") = "Services", "Services", "{EBF72F76-B823-42FB-BFF7-A2FDB124449F}"
EndProject
Project("{9A19103F-16F7-4668-BE54-9A1E7A4F7556}") = "IdentityService", "Services\IdentityService\IdentityService.csproj", "{91FA6D36-5E9C-4C32-BD67-F6E4B6907256}"
EndProject
Project("{FAE04EC0-301F-11D3-BF4B-00C04F79EFBC}") = "CourseService", "Services\CourseService\CourseService.csproj", "{7B161006-2754-40B0-8846-0540A9D6140F}"
EndProject
Project("{2150E333-8FDC-42A3-9474-1A3956D46DE8}") = "Shared", "Shared", "{624EF225-A29F-4FBB-BAF1-8686FB321210}"
EndProject
Project("{FAE04EC0-301F-11D3-BF4B-00C04F79EFBC}") = "Dtos", "Shared\Dtos\Dtos.csproj", "{6585F51E-850C-4A5A-8262-951BE64EF55A}"
EndProject
Project("{FAE04EC0-301F-11D3-BF4B-00C04F79EFBC}") = "Entities", "Shared\Entities\Entities.csproj", "{6514767C-EAD8-420B-896D-929ACFBB3FB6}"
EndProject
Project("{FAE04EC0-301F-11D3-BF4B-00C04F79EFBC}") = "CatalogService", "Services\CatalogService\CatalogService.csproj", "{63E92F19-6EB6-4867-9EB4-D0F0306E27DB}"
EndProject
Project("{FAE04EC0-301F-11D3-BF4B-00C04F79EFBC}") = "EnrollmentService", "Services\EnrollmentService\EnrollmentService.csproj", "{61689D4A-D67A-4470-8569-1241B15F2AA2}"
EndProject
Project("{FAE04EC0-301F-11D3-BF4B-00C04F79EFBC}") = "CommentService", "Services\CommentService\CommentService.csproj", "{94AA032A-693A-430B-B6D6-504E6588220D}"
EndProject
Project("{FAE04EC0-301F-11D3-BF4B-00C04F79EFBC}") = "PaymentService", "Services\PaymentService\PaymentService.csproj", "{04EC9C70-4E2D-4BC6-86C2-B7A0E40B5636}"
EndProject
Project("{FAE04EC0-301F-11D3-BF4B-00C04F79EFBC}") = "Events", "Shared\Events\Events.csproj", "{ED804299-7970-454F-9C5B-BD4C67E61EF8}"
EndProject
Global
	GlobalSection(SolutionConfigurationPlatforms) = preSolution
		Debug|Any CPU = Debug|Any CPU
		Release|Any CPU = Release|Any CPU
	EndGlobalSection
	GlobalSection(ProjectConfigurationPlatforms) = postSolution
		{91FA6D36-5E9C-4C32-BD67-F6E4B6907256}.Debug|Any CPU.ActiveCfg = Debug|Any CPU
		{91FA6D36-5E9C-4C32-BD67-F6E4B6907256}.Debug|Any CPU.Build.0 = Debug|Any CPU
		{91FA6D36-5E9C-4C32-BD67-F6E4B6907256}.Release|Any CPU.ActiveCfg = Release|Any CPU
		{91FA6D36-5E9C-4C32-BD67-F6E4B6907256}.Release|Any CPU.Build.0 = Release|Any CPU
		{7B161006-2754-40B0-8846-0540A9D6140F}.Debug|Any CPU.ActiveCfg = Debug|Any CPU
		{7B161006-2754-40B0-8846-0540A9D6140F}.Debug|Any CPU.Build.0 = Debug|Any CPU
		{7B161006-2754-40B0-8846-0540A9D6140F}.Release|Any CPU.ActiveCfg = Release|Any CPU
		{7B161006-2754-40B0-8846-0540A9D6140F}.Release|Any CPU.Build.0 = Release|Any CPU
		{6585F51E-850C-4A5A-8262-951BE64EF55A}.Debug|Any CPU.ActiveCfg = Debug|Any CPU
		{6585F51E-850C-4A5A-8262-951BE64EF55A}.Debug|Any CPU.Build.0 = Debug|Any CPU
		{6585F51E-850C-4A5A-8262-951BE64EF55A}.Release|Any CPU.ActiveCfg = Release|Any CPU
		{6585F51E-850C-4A5A-8262-951BE64EF55A}.Release|Any CPU.Build.0 = Release|Any CPU
		{6514767C-EAD8-420B-896D-929ACFBB3FB6}.Debug|Any CPU.ActiveCfg = Debug|Any CPU
		{6514767C-EAD8-420B-896D-929ACFBB3FB6}.Debug|Any CPU.Build.0 = Debug|Any CPU
		{6514767C-EAD8-420B-896D-929ACFBB3FB6}.Release|Any CPU.ActiveCfg = Release|Any CPU
		{6514767C-EAD8-420B-896D-929ACFBB3FB6}.Release|Any CPU.Build.0 = Release|Any CPU
		{63E92F19-6EB6-4867-9EB4-D0F0306E27DB}.Debug|Any CPU.ActiveCfg = Debug|Any CPU
		{63E92F19-6EB6-4867-9EB4-D0F0306E27DB}.Debug|Any CPU.Build.0 = Debug|Any CPU
		{63E92F19-6EB6-4867-9EB4-D0F0306E27DB}.Release|Any CPU.ActiveCfg = Release|Any CPU
		{63E92F19-6EB6-4867-9EB4-D0F0306E27DB}.Release|Any CPU.Build.0 = Release|Any CPU
		{61689D4A-D67A-4470-8569-1241B15F2AA2}.Debug|Any CPU.ActiveCfg = Debug|Any CPU
		{61689D4A-D67A-4470-8569-1241B15F2AA2}.Debug|Any CPU.Build.0 = Debug|Any CPU
		{61689D4A-D67A-4470-8569-1241B15F2AA2}.Release|Any CPU.ActiveCfg = Release|Any CPU
		{61689D4A-D67A-4470-8569-1241B15F2AA2}.Release|Any CPU.Build.0 = Release|Any CPU
		{94AA032A-693A-430B-B6D6-504E6588220D}.Debug|Any CPU.ActiveCfg = Debug|Any CPU
		{94AA032A-693A-430B-B6D6-504E6588220D}.Debug|Any CPU.Build.0 = Debug|Any CPU
		{94AA032A-693A-430B-B6D6-504E6588220D}.Release|Any CPU.ActiveCfg = Release|Any CPU
		{94AA032A-693A-430B-B6D6-504E6588220D}.Release|Any CPU.Build.0 = Release|Any CPU
		{04EC9C70-4E2D-4BC6-86C2-B7A0E40B5636}.Debug|Any CPU.ActiveCfg = Debug|Any CPU
		{04EC9C70-4E2D-4BC6-86C2-B7A0E40B5636}.Debug|Any CPU.Build.0 = Debug|Any CPU
		{04EC9C70-4E2D-4BC6-86C2-B7A0E40B5636}.Release|Any CPU.ActiveCfg = Release|Any CPU
		{04EC9C70-4E2D-4BC6-86C2-B7A0E40B5636}.Release|Any CPU.Build.0 = Release|Any CPU
		{ED804299-7970-454F-9C5B-BD4C67E61EF8}.Debug|Any CPU.ActiveCfg = Debug|Any CPU
		{ED804299-7970-454F-9C5B-BD4C67E61EF8}.Debug|Any CPU.Build.0 = Debug|Any CPU
		{ED804299-7970-454F-9C5B-BD4C67E61EF8}.Release|Any CPU.ActiveCfg = Release|Any CPU
		{ED804299-7970-454F-9C5B-BD4C67E61EF8}.Release|Any CPU.Build.0 = Release|Any CPU
	EndGlobalSection
	GlobalSection(SolutionProperties) = preSolution
		HideSolutionNode = FALSE
	EndGlobalSection
	GlobalSection(NestedProjects) = preSolution
		{91FA6D36-5E9C-4C32-BD67-F6E4B6907256} = {EBF72F76-B823-42FB-BFF7-A2FDB124449F}
		{7B161006-2754-40B0-8846-0540A9D6140F} = {EBF72F76-B823-42FB-BFF7-A2FDB124449F}
		{6585F51E-850C-4A5A-8262-951BE64EF55A} = {624EF225-A29F-4FBB-BAF1-8686FB321210}
		{6514767C-EAD8-420B-896D-929ACFBB3FB6} = {624EF225-A29F-4FBB-BAF1-8686FB321210}
		{63E92F19-6EB6-4867-9EB4-D0F0306E27DB} = {EBF72F76-B823-42FB-BFF7-A2FDB124449F}
		{61689D4A-D67A-4470-8569-1241B15F2AA2} = {EBF72F76-B823-42FB-BFF7-A2FDB124449F}
		{94AA032A-693A-430B-B6D6-504E6588220D} = {EBF72F76-B823-42FB-BFF7-A2FDB124449F}
		{04EC9C70-4E2D-4BC6-86C2-B7A0E40B5636} = {EBF72F76-B823-42FB-BFF7-A2FDB124449F}
		{ED804299-7970-454F-9C5B-BD4C67E61EF8} = {624EF225-A29F-4FBB-BAF1-8686FB321210}
	EndGlobalSection
	GlobalSection(ExtensibilityGlobals) = postSolution
		SolutionGuid = {09A2B1A5-4AB2-4C95-BEA7-6C91EF663623}
	EndGlobalSection
EndGlobal
